// !$*UTF8*$!
{
	archiveVersion = 1;
	classes = {
	};
	objectVersion = 46;
	objects = {

/* Begin PBXBuildFile section */
		E64235371B78E0B40070772F /* AppDelegate.swift in Sources */ = {isa = PBXBuildFile; fileRef = E64235361B78E0B40070772F /* AppDelegate.swift */; };
		E64235391B78E0B40070772F /* ViewController.swift in Sources */ = {isa = PBXBuildFile; fileRef = E64235381B78E0B40070772F /* ViewController.swift */; };
		E642353C1B78E0B40070772F /* Main.storyboard in Resources */ = {isa = PBXBuildFile; fileRef = E642353A1B78E0B40070772F /* Main.storyboard */; };
		E642353E1B78E0B40070772F /* Assets.xcassets in Resources */ = {isa = PBXBuildFile; fileRef = E642353D1B78E0B40070772F /* Assets.xcassets */; };
		E64235411B78E0B40070772F /* LaunchScreen.storyboard in Resources */ = {isa = PBXBuildFile; fileRef = E642353F1B78E0B40070772F /* LaunchScreen.storyboard */; };
/* End PBXBuildFile section */

/* Begin PBXFileReference section */
		E64235331B78E0B40070772F /* Core Graphics.app */ = {isa = PBXFileReference; explicitFileType = wrapper.application; includeInIndex = 0; path = "Core Graphics.app"; sourceTree = BUILT_PRODUCTS_DIR; };
		E64235361B78E0B40070772F /* AppDelegate.swift */ = {isa = PBXFileReference; lastKnownFileType = sourcecode.swift; path = AppDelegate.swift; sourceTree = "<group>"; };
		E64235381B78E0B40070772F /* ViewController.swift */ = {isa = PBXFileReference; lastKnownFileType = sourcecode.swift; path = ViewController.swift; sourceTree = "<group>"; };
		E642353B1B78E0B40070772F /* Base */ = {isa = PBXFileReference; lastKnownFileType = file.storyboard; name = Base; path = Base.lproj/Main.storyboard; sourceTree = "<group>"; };
		E642353D1B78E0B40070772F /* Assets.xcassets */ = {isa = PBXFileReference; lastKnownFileType = folder.assetcatalog; path = Assets.xcassets; sourceTree = "<group>"; };
		E64235401B78E0B40070772F /* Base */ = {isa = PBXFileReference; lastKnownFileType = file.storyboard; name = Base; path = Base.lproj/LaunchScreen.storyboard; sourceTree = "<group>"; };
		E64235421B78E0B40070772F /* Info.plist */ = {isa = PBXFileReference; lastKnownFileType = text.plist.xml; path = Info.plist; sourceTree = "<group>"; };
/* End PBXFileReference section */

/* Begin PBXFrameworksBuildPhase section */
		E64235301B78E0B40070772F /* Frameworks */ = {
			isa = PBXFrameworksBuildPhase;
			buildActionMask = 2147483647;
			files = (
			);
			runOnlyForDeploymentPostprocessing = 0;
		};
/* End PBXFrameworksBuildPhase section */

/* Begin PBXGroup section */
		E642352A1B78E0B40070772F = {
			isa = PBXGroup;
			children = (
				E64235351B78E0B40070772F /* Core Graphics */,
				E64235341B78E0B40070772F /* Products */,
			);
			sourceTree = "<group>";
		};
		E64235341B78E0B40070772F /* Products */ = {
			isa = PBXGroup;
			children = (
				E64235331B78E0B40070772F /* Core Graphics.app */,
			);
			name = Products;
			sourceTree = "<group>";
		};
		E64235351B78E0B40070772F /* Core Graphics */ = {
			isa = PBXGroup;
			children = (
				E64235361B78E0B40070772F /* AppDelegate.swift */,
				E64235381B78E0B40070772F /* ViewController.swift */,
				E642353A1B78E0B40070772F /* Main.storyboard */,
				E642353D1B78E0B40070772F /* Assets.xcassets */,
				E642353F1B78E0B40070772F /* LaunchScreen.storyboard */,
				E64235421B78E0B40070772F /* Info.plist */,
			);
			path = "Core Graphics";
			sourceTree = "<group>";
		};
/* End PBXGroup section */

/* Begin PBXNativeTarget section */
		E64235321B78E0B40070772F /* Core Graphics */ = {
			isa = PBXNativeTarget;
			buildConfigurationList = E64235451B78E0B40070772F /* Build configuration list for PBXNativeTarget "Core Graphics" */;
			buildPhases = (
				E642352F1B78E0B40070772F /* Sources */,
				E64235301B78E0B40070772F /* Frameworks */,
				E64235311B78E0B40070772F /* Resources */,
			);
			buildRules = (
			);
			dependencies = (
			);
			name = "Core Graphics";
			productName = "Core Graphics";
			productReference = E64235331B78E0B40070772F /* Core Graphics.app */;
			productType = "com.apple.product-type.application";
		};
/* End PBXNativeTarget section */

/* Begin PBXProject section */
		E642352B1B78E0B40070772F /* Project object */ = {
			isa = PBXProject;
			attributes = {
				LastUpgradeCheck = 0700;
				ORGANIZATIONNAME = "Mac Bellingrath";
				TargetAttributes = {
					E64235321B78E0B40070772F = {
						CreatedOnToolsVersion = 7.0;
						DevelopmentTeam = F7WJD6355G;
					};
				};
			};
			buildConfigurationList = E642352E1B78E0B40070772F /* Build configuration list for PBXProject "Core Graphics" */;
			compatibilityVersion = "Xcode 3.2";
			developmentRegion = English;
			hasScannedForEncodings = 0;
			knownRegions = (
				en,
				Base,
			);
			mainGroup = E642352A1B78E0B40070772F;
			productRefGroup = E64235341B78E0B40070772F /* Products */;
			projectDirPath = "";
			projectRoot = "";
			targets = (
				E64235321B78E0B40070772F /* Core Graphics */,
			);
		};
/* End PBXProject section */

/* Begin PBXResourcesBuildPhase section */
		E64235311B78E0B40070772F /* Resources */ = {
			isa = PBXResourcesBuildPhase;
			buildActionMask = 2147483647;
			files = (
				E64235411B78E0B40070772F /* LaunchScreen.storyboard in Resources */,
				E642353E1B78E0B40070772F /* Assets.xcassets in Resources */,
				E642353C1B78E0B40070772F /* Main.storyboard in Resources */,
			);
			runOnlyForDeploymentPostprocessing = 0;
		};
/* End PBXResourcesBuildPhase section */

/* Begin PBXSourcesBuildPhase section */
		E642352F1B78E0B40070772F /* Sources */ = {
			isa = PBXSourcesBuildPhase;
			buildActionMask = 2147483647;
			files = (
				E64235391B78E0B40070772F /* ViewController.swift in Sources */,
				E64235371B78E0B40070772F /* AppDelegate.swift in Sources */,
			);
			runOnlyForDeploymentPostprocessing = 0;
		};
/* End PBXSourcesBuildPhase section */

/* Begin PBXVariantGroup section */
		E642353A1B78E0B40070772F /* Main.storyboard */ = {
			isa = PBXVariantGroup;
			children = (
				E642353B1B78E0B40070772F /* Base */,
			);
			name = Main.storyboard;
			sourceTree = "<group>";
		};
		E642353F1B78E0B40070772F /* LaunchScreen.storyboard */ = {
			isa = PBXVariantGroup;
			children = (
				E64235401B78E0B40070772F /* Base */,
			);
			name = LaunchScreen.storyboard;
			sourceTree = "<group>";
		};
/* End PBXVariantGroup section */

/* Begin XCBuildConfiguration section */
		E64235431B78E0B40070772F /* Debug */ = {
			isa = XCBuildConfiguration;
			buildSettings = {
				ALWAYS_SEARCH_USER_PATHS = NO;
				CLANG_CXX_LANGUAGE_STANDARD = "gnu++0x";
				CLANG_CXX_LIBRARY = "libc++";
				CLANG_ENABLE_MODULES = YES;
				CLANG_ENABLE_OBJC_ARC = YES;
				CLANG_WARN_BOOL_CONVERSION = YES;
				CLANG_WARN_CONSTANT_CONVERSION = YES;
				CLANG_WARN_DIRECT_OBJC_ISA_USAGE = YES_ERROR;
				CLANG_WARN_EMPTY_BODY = YES;
				CLANG_WARN_ENUM_CONVERSION = YES;
				CLANG_WARN_INT_CONVERSION = YES;
				CLANG_WARN_OBJC_ROOT_CLASS = YES_ERROR;
				CLANG_WARN_UNREACHABLE_CODE = YES;
				CLANG_WARN__DUPLICATE_METHOD_MATCH = YES;
				"CODE_SIGN_IDENTITY[sdk=iphoneos*]" = "iPhone Developer";
				COPY_PHASE_STRIP = NO;
				DEBUG_INFORMATION_FORMAT = dwarf;
				ENABLE_STRICT_OBJC_MSGSEND = YES;
				ENABLE_TESTABILITY = YES;
				GCC_C_LANGUAGE_STANDARD = gnu99;
				GCC_DYNAMIC_NO_PIC = NO;
				GCC_NO_COMMON_BLOCKS = YES;
				GCC_OPTIMIZATION_LEVEL = 0;
				GCC_PREPROCESSOR_DEFINITIONS = (
					"DEBUG=1",
					"$(inherited)",
				);
				GCC_WARN_64_TO_32_BIT_CONVERSION = YES;
				GCC_WARN_ABOUT_RETURN_TYPE = YES_ERROR;
				GCC_WARN_UNDECLARED_SELECTOR = YES;
				GCC_WARN_UNINITIALIZED_AUTOS = YES_AGGRESSIVE;
				GCC_WARN_UNUSED_FUNCTION = YES;
				GCC_WARN_UNUSED_VARIABLE = YES;
				IPHONEOS_DEPLOYMENT_TARGET = 9.0;
				MTL_ENABLE_DEBUG_INFO = YES;
				ONLY_ACTIVE_ARCH = YES;
				SDKROOT = iphoneos;
				SWIFT_OPTIMIZATION_LEVEL = "-Onone";
				TARGETED_DEVICE_FAMILY = 2;
			};
			name = Debug;
		};
		E64235441B78E0B40070772F /* Release */ = {
			isa = XCBuildConfiguration;
			buildSettings = {
				ALWAYS_SEARCH_USER_PATHS = NO;
				CLANG_CXX_LANGUAGE_STANDARD = "gnu++0x";
				CLANG_CXX_LIBRARY = "libc++";
				CLANG_ENABLE_MODULES = YES;
				CLANG_ENABLE_OBJC_ARC = YES;
				CLANG_WARN_BOOL_CONVERSION = YES;
				CLANG_WARN_CONSTANT_CONVERSION = YES;
				CLANG_WARN_DIRECT_OBJC_ISA_USAGE = YES_ERROR;
				CLANG_WARN_EMPTY_BODY = YES;
				CLANG_WARN_ENUM_CONVERSION = YES;
				CLANG_WARN_INT_CONVERSION = YES;
				CLANG_WARN_OBJC_ROOT_CLASS = YES_ERROR;
				CLANG_WARN_UNREACHABLE_CODE = YES;
				CLANG_WARN__DUPLICATE_METHOD_MATCH = YES;
				"CODE_SIGN_IDENTITY[sdk=iphoneos*]" = "iPhone Developer";
				COPY_PHASE_STRIP = NO;
				DEBUG_INFORMATION_FORMAT = "dwarf-with-dsym";
				ENABLE_NS_ASSERTIONS = NO;
				ENABLE_STRICT_OBJC_MSGSEND = YES;
				GCC_C_LANGUAGE_STANDARD = gnu99;
				GCC_NO_COMMON_BLOCKS = YES;
				GCC_WARN_64_TO_32_BIT_CONVERSION = YES;
				GCC_WARN_ABOUT_RETURN_TYPE = YES_ERROR;
				GCC_WARN_UNDECLARED_SELECTOR = YES;
				GCC_WARN_UNINITIALIZED_AUTOS = YES_AGGRESSIVE;
				GCC_WARN_UNUSED_FUNCTION = YES;
				GCC_WARN_UNUSED_VARIABLE = YES;
				IPHONEOS_DEPLOYMENT_TARGET = 9.0;
				MTL_ENABLE_DEBUG_INFO = NO;
				SDKROOT = iphoneos;
				TARGETED_DEVICE_FAMILY = 2;
				VALIDATE_PRODUCT = YES;
			};
			name = Release;
		};
		E64235461B78E0B40070772F /* Debug */ = {
			isa = XCBuildConfiguration;
			buildSettings = {
				ASSETCATALOG_COMPILER_APPICON_NAME = AppIcon;
				INFOPLIST_FILE = "Core Graphics/Info.plist";
				LD_RUNPATH_SEARCH_PATHS = "$(inherited) @executable_path/Frameworks";
				PRODUCT_BUNDLE_IDENTIFIER = "com.macbellingrath.Core-Graphics";
				PRODUCT_NAME = "$(TARGET_NAME)";
			};
			name = Debug;
		};
		E64235471B78E0B40070772F /* Release */ = {
			isa = XCBuildConfiguration;
			buildSettings = {
				ASSETCATALOG_COMPILER_APPICON_NAME = AppIcon;
				INFOPLIST_FILE = "Core Graphics/Info.plist";
				LD_RUNPATH_SEARCH_PATHS = "$(inherited) @executable_path/Frameworks";
				PRODUCT_BUNDLE_IDENTIFIER = "com.macbellingrath.Core-Graphics";
				PRODUCT_NAME = "$(TARGET_NAME)";
			};
			name = Release;
		};
/* End XCBuildConfiguration section */

/* Begin XCConfigurationList section */
		E642352E1B78E0B40070772F /* Build configuration list for PBXProject "Core Graphics" */ = {
			isa = XCConfigurationList;
			buildConfigurations = (
				E64235431B78E0B40070772F /* Debug */,
				E64235441B78E0B40070772F /* Release */,
			);
			defaultConfigurationIsVisible = 0;
			defaultConfigurationName = Release;
		};
		E64235451B78E0B40070772F /* Build configuration list for PBXNativeTarget "Core Graphics" */ = {
			isa = XCConfigurationList;
			buildConfigurations = (
				E64235461B78E0B40070772F /* Debug */,
				E64235471B78E0B40070772F /* Release */,
			);
			defaultConfigurationIsVisible = 0;
		};
/* End XCConfigurationList section */
	};
	rootObject = E642352B1B78E0B40070772F /* Project object */;
}
